github.com/Masterminds/squirrel v1.5.4 h1:uUcX/aBc8O7Fg9kaISIUsHXdKuqehiXAMQTYX8afzqM=
github.com/Masterminds/squirrel v1.5.4/go.mod h1:NNaOrjSoIDfDA40n7sr2tPNZRfjzjA400rg+riTZj10=
github.com/alexedwards/flow v1.1.0 h1:4Xmg4lehS/iI9y6h5Mfm6QSeXdfPdzaTzSKN4RjAATY=
github.com/alexedwards/flow v1.1.0/go.mod h1:DwbobKI6HQD1iMu4/wRgtD4WbmISV8KM3owR9KSSsOQ=
github.com/aws/aws-sdk-go-v2 v1.41.2 h1:LuT2rzqNQsauaGkPK/7813XxcZ3o3yePY0Iy891T2ls=
github.com/aws/aws-sdk-go-v2 v1.41.2/go.mod h1:IvvlAZQXvTXznUPfRVfryiG1fbzE2NGK6m9u39YQ+S4=
github.com/aws/aws-sdk-go-v2/aws/protocol/eventstream v1.7.5 h1:zWFmPmgw4sveAYi1mRqG+E/g0461cJ5M4bJ8/nc6d3Q=
github.com/aws/aws-sdk-go-v2/aws/protocol/eventstream v1.7.5/go.mod h1:nVUlMLVV8ycXSb7mSkcNu9e3v/1TJq2RTlrPwhYWr5c=
github.com/aws/aws-sdk-go-v2/config v1.32.10 h1:9DMthfO6XWZYLfzZglAgW5Fyou2nRI5CuV44sTedKBI=
github.com/aws/aws-sdk-go-v2/config v1.32.10/go.mod h1:2rUIOnA2JaiqYmSKYmRJlcMWy6qTj1vuRFscppSBMcw=
github.com/aws/aws-sdk-go-v2/credentials v1.19.10 h1:EEhmEUFCE1Yhl7vDhNOI5OCL/iKMdkkYFTRpZXNw7m8=
github.com/aws/aws-sdk-go-v2/credentials v1.19.10/go.mod h1:RnnlFCAlxQCkN2Q379B67USkBMu1PipEEiibzYN5UTE=
github.com/aws/aws-sdk-go-v2/feature/ec2/imds v1.18.18 h1:Ii4s+Sq3yDfaMLpjrJsqD6SmG/Wq/P5L/hw2qa78UAY=
github.com/aws/aws-sdk-go-v2/feature/ec2/imds v1.18.18/go.mod h1:6x81qnY++ovptLE6nWQeWrpXxbnlIex+4H4eYYGcqfc=
github.com/aws/aws-sdk-go-v2/internal/configsources v1.4.18 h1:F43zk1vemYIqPAwhjTjYIz0irU2EY7sOb/F5eJ3HuyM=
github.com/aws/aws-sdk-go-v2/internal/configsources v1.4.18/go.mod h1:w1jdlZXrGKaJcNoL+Nnrj+k5wlpGXqnNrKoP22HvAug=
github.com/aws/aws-sdk-go-v2/internal/endpoints/v2 v2.7.18 h1:xCeWVjj0ki0l3nruoyP2slHsGArMxeiiaoPN5QZH6YQ=
github.com/aws/aws-sdk-go-v2/internal/endpoints/v2 v2.7.18/go.mod h1:r/eLGuGCBw6l36ZRWiw6PaZwPXb6YOj+i/7MizNl5/k=
github.com/aws/aws-sdk-go-v2/internal/ini v1.8.4 h1:WKuaxf++XKWlHWu9ECbMlha8WOEGm0OUEZqm4K/Gcfk=
github.com/aws/aws-sdk-go-v2/internal/ini v1.8.4/go.mod h1:ZWy7j6v1vWGmPReu0iSGvRiise4YI5SkR3OHKTZ6Wuc=
github.com/aws/aws-sdk-go-v2/internal/v4a v1.4.18 h1:eZioDaZGJ0tMM4gzmkNIO2aAoQd+je7Ug7TkvAzlmkU=
github.com/aws/aws-sdk-go-v2/internal/v4a v1.4.18/go.mod h1:CCXwUKAJdoWr6/NcxZ+zsiPr6oH/Q5aTooRGYieAyj4=
github.com/aws/aws-sdk-go-v2/service/cognitoidentityprovider v1.58.1 h1:MVbhtr5+/WM5u3Z4rdIk/xQmy7NFSyZxNXcy5hCCuRE=
github.com/aws/aws-sdk-go-v2/service/cognitoidentityprovider v1.58.1/go.mod h1:mP260yaWr2aT73knlr44yaQEP52UPbVZppXzVO9k52g=
github.com/aws/aws-sdk-go-v2/service/internal/accept-encoding v1.13.5 h1:CeY9LUdur+Dxoeldqoun6y4WtJ3RQtzk0JMP2gfUay0=
github.com/aws/aws-sdk-go-v2/service/internal/accept-encoding v1.13.5/go.mod h1:AZLZf2fMaahW5s/wMRciu1sYbdsikT/UHwbUjOdEVTc=
github.com/aws/aws-sdk-go-v2/service/internal/checksum v1.9.10 h1:fJvQ5mIBVfKtiyx0AHY6HeWcRX5LGANLpq8SVR+Uazs=
github.com/aws/aws-sdk-go-v2/service/internal/checksum v1.9.10/go.mod h1:Kzm5e6OmNH8VMkgK9t+ry5jEih4Y8whqs+1hrkxim1I=
github.com/aws/aws-sdk-go-v2/service/internal/presigned-url v1.13.18 h1:LTRCYFlnnKFlKsyIQxKhJuDuA3ZkrDQMRYm6rXiHlLY=
github.com/aws/aws-sdk-go-v2/service/internal/presigned-url v1.13.18/go.mod h1:XhwkgGG6bHSd00nO/mexWTcTjgd6PjuvWQMqSn2UaEk=
github.com/aws/aws-sdk-go-v2/service/internal/s3shared v1.19.18 h1:/A/xDuZAVD2BpsS2fftFRo/NoEKQJ8YTnJDEHBy2Gtg=
github.com/aws/aws-sdk-go-v2/service/internal/s3shared v1.19.18/go.mod h1:hWe9b4f+djUQGmyiGEeOnZv69dtMSgpDRIvNMvuvzvY=
github.com/aws/aws-sdk-go-v2/service/s3 v1.96.2 h1:M1A9AjcFwlxTLuf0Faj88L8Iqw0n/AJHjpZTQzMMsSc=
github.com/aws/aws-sdk-go-v2/service/s3 v1.96.2/go.mod h1:KsdTV6Q9WKUZm2mNJnUFmIoXfZux91M3sr/a4REX8e0=
github.com/aws/aws-sdk-go-v2/service/signin v1.0.6 h1:MzORe+J94I+hYu2a6XmV5yC9huoTv8NRcCrUNedDypQ=
github.com/aws/aws-sdk-go-v2/service/signin v1.0.6/go.mod h1:hXzcHLARD7GeWnifd8j9RWqtfIgxj4/cAtIVIK7hg8g=
github.com/aws/aws-sdk-go-v2/service/sso v1.30.11 h1:7oGD8KPfBOJGXiCoRKrrrQkbvCp8N++u36hrLMPey6o=
github.com/aws/aws-sdk-go-v2/service/sso v1.30.11/go.mod h1:0DO9B5EUJQlIDif+XJRWCljZRKsAFKh3gpFz7UnDtOo=
github.com/aws/aws-sdk-go-v2/service/ssooidc v1.35.15 h1:edCcNp9eGIUDUCrzoCu1jWAXLGFIizeqkdkKgRlJwWc=
github.com/aws/aws-sdk-go-v2/service/ssooidc v1.35.15/go.mod h1:lyRQKED9xWfgkYC/wmmYfv7iVIM68Z5OQ88ZdcV1QbU=
github.com/aws/aws-sdk-go-v2/service/sts v1.41.7 h1:NITQpgo9A5NrDZ57uOWj+abvXSb83BbyggcUBVksN7c=
github.com/aws/aws-sdk-go-v2/service/sts v1.41.7/go.mod h1:sks5UWBhEuWYDPdwlnRFn1w7xWdH29Jcpe+/PJQefEs=
github.com/aws/smithy-go v1.24.1 h1:VbyeNfmYkWoxMVpGUAbQumkODcYmfMRfZ8yQiH30SK0=
github.com/aws/smithy-go v1.24.1/go.mod h1:LEj2LM3rBRQJxPZTB4KuzZkaZYnZPnvgIhb4pu07mx0=
github.com/cockroachdb/cockroach-go/v2 v2.2.0 h1:/5znzg5n373N/3ESjHF5SMLxiW4RKB05Ql//KWfeTFs=
github.com/cockroachdb/cockroach-go/v2 v2.2.0/go.mod h1:u3MiKYGupPPjkn3ozknpMUpxPaNLTFWAya419/zv6eI=
github.com/cpuguy83/go-md2man/v2 v2.0.7 h1:zbFlGlXEAKlwXpmvle3d8Oe3YnkKIK4xSRTd3sHPnBo=
github.com/cpuguy83/go-md2man/v2 v2.0.7/go.mod h1:oOW0eioCTA6cOiMLiUPZOpcVxMig6NIQQ7OS05n1F4g=
github.com/davecgh/go-spew v1.1.0/go.mod h1:J7Y8YcW2NihsgmVo/mv3lAwl/skON4iLHjSsI+c5H38=
github.com/davecgh/go-spew v1.1.1 h1:vj9j/u1bqnvCEfJOwUhtlOARqs3+rkHYY13jYWTU97c=
github.com/davecgh/go-spew v1.1.1/go.mod h1:J7Y8YcW2NihsgmVo/mv3lAwl/skON4iLHjSsI+c5H38=
github.com/decred/dcrd/dcrec/secp256k1/v4 v4.4.0 h1:NMZiJj8QnKe1LgsbDayM4UoHwbvwDRwnI3hwNaAHRnc=
github.com/decred/dcrd/dcrec/secp256k1/v4 v4.4.0/go.mod h1:ZXNYxsqcloTdSy/rNShjYzMhyjf0LaoftYK0p+A3h40=
github.com/georgysavva/scany/v2 v2.1.4 h1:nrzHEJ4oQVRoiKmocRqA1IyGOmM/GQOEsg9UjMR5Ip4=
github.com/georgysavva/scany/v2 v2.1.4/go.mod h1:fqp9yHZzM/PFVa3/rYEC57VmDx+KDch0LoqrJzkvtos=
github.com/go-playground/assert/v2 v2.2.0 h1:JvknZsQTYeFEAhQwI4qEt9cyV5ONwRHC+lYKSsYSR8s=
github.com/go-playground/assert/v2 v2.2.0/go.mod h1:VDjEfimB/XKnb+ZQfWdccd7VUvScMdVu0Titje2rxJ4=
github.com/go-playground/form/v4 v4.3.0 h1:OVttojbQv2WNCs4P+VnjPtrt/+30Ipw4890W3OaFlvk=
github.com/go-playground/form/v4 v4.3.0/go.mod h1:Cpe1iYJKoXb1vILRXEwxpWMGWyQuqplQ/4cvPecy+Jo=
github.com/goccy/go-json v0.10.3 h1:KZ5WoDbxAIgm2HNbYckL0se1fHD6rz5j4ywS6ebzDqA=
github.com/goccy/go-json v0.10.3/go.mod h1:oq7eo15ShAhp70Anwd5lgX2pLfOS3QCiwU/PULtXL6M=
github.com/gofrs/flock v0.8.1 h1:+gYjHKf32LDeiEEFhQaotPbLuUXjY5ZqxKgXy7n59aw=
github.com/gofrs/flock v0.8.1/go.mod h1:F1TvTiK9OcQqauNUHlbJvyl9Qa1QvF/gOUDKA14jxHU=
github.com/google/gofuzz v1.2.0 h1:xRy4A+RhZaiKjJ1bPfwQ8sedCA+YS2YcCHW6ec7JMi0=
github.com/google/gofuzz v1.2.0/go.mod h1:dBl0BpW6vV/+mYPU4Po3pmUjxk6FQPldtuIdl/M65Eg=
github.com/gorilla/securecookie v1.1.2 h1:YCIWL56dvtr73r6715mJs5ZvhtnY73hBvEF8kXD8ePA=
github.com/gorilla/securecookie v1.1.2/go.mod h1:NfCASbcHqRSY+3a8tlWJwsQap2VX5pwzwo4h3eOamfo=
github.com/jackc/pgpassfile v1.0.0 h1:/6Hmqy13Ss2zCq62VdNG8tM1wchn8zjSGOBJ6icpsIM=
github.com/jackc/pgpassfile v1.0.0/go.mod h1:CEx0iS5ambNFdcRtxPj5JhEz+xB6uRky5eyVu/W2HEg=
github.com/jackc/pgservicefile v0.0.0-20240606120523-5a60cdf6a761 h1:iCEnooe7UlwOQYpKFhBabPMi4aNAfoODPEFNiAnClxo=
github.com/jackc/pgservicefile v0.0.0-20240606120523-5a60cdf6a761/go.mod h1:5TJZWKEWniPve33vlWYSoGYefn3gLQRzjfDlhSJ9ZKM=
github.com/jackc/pgx/v5 v5.7.6 h1:rWQc5FwZSPX58r1OQmkuaNicxdmExaEz5A2DO2hUuTk=
github.com/jackc/pgx/v5 v5.7.6/go.mod h1:aruU7o91Tc2q2cFp5h4uP3f6ztExVpyVv88Xl/8Vl8M=
github.com/jackc/puddle/v2 v2.2.2 h1:PR8nw+E/1w0GLuRFSmiioY6UooMp6KJv0/61nB7icHo=
github.com/jackc/puddle/v2 v2.2.2/go.mod h1:vriiEXHvEE654aYKXXjOvZM39qJ0q+azkZFrfEOc3H4=
github.com/k0kubun/colorstring v0.0.0-20150214042306-9440f1994b88 h1:uC1QfSlInpQF+M0ao65imhwqKnz3Q2z/d8PWZRMQvDM=
github.com/k0kubun/colorstring v0.0.0-20150214042306-9440f1994b88/go.mod h1:3w7q1U84EfirKl04SVQ/s7nPm1ZPhiXd34z40TNz36k=
github.com/k0kubun/pp v3.0.1+incompatible h1:3tqvf7QgUnZ5tXO6pNAZlrvHgl6DvifjDrd9g2S9Z40=
github.com/k0kubun/pp v3.0.1+incompatible/go.mod h1:GWse8YhT0p8pT4ir3ZgBbfZild3tgzSScAn6HmfYukg=
github.com/kelseyhightower/envconfig v1.4.0 h1:Im6hONhd3pLkfDFsbRgu68RDNkGF1r3dvMUtDTo2cv8=
github.com/kelseyhightower/envconfig v1.4.0/go.mod h1:cccZRl6mQpaq41TPp5QxidR+Sa3axMbJDNb//FQX6Gg=
github.com/lann/builder v0.0.0-20180802200727-47ae307949d0 h1:SOEGU9fKiNWd/HOJuq6+3iTQz8KNCLtVX6idSoTLdUw=
github.com/lann/builder v0.0.0-20180802200727-47ae307949d0/go.mod h1:dXGbAdH5GtBTC4WfIxhKZfyBF/HBFgRZSWwZ9g/He9o=
github.com/lann/ps v0.0.0-20150810152359-62de8c46ede0 h1:P6pPBnrTSX3DEVR4fDembhRWSsG5rVo6hYhAB/ADZrk=
github.com/lann/ps v0.0.0-20150810152359-62de8c46ede0/go.mod h1:vmVJ0l/dxyfGW6FmdpVm2joNMFikkuWg0EoCKLGUMNw=
github.com/lestrrat-go/blackmagic v1.0.4 h1:IwQibdnf8l2KoO+qC3uT4OaTWsW7tuRQXy9TRN9QanA=
github.com/lestrrat-go/blackmagic v1.0.4/go.mod h1:6AWFyKNNj0zEXQYfTMPfZrAXUWUfTIZ5ECEUEJaijtw=
github.com/lestrrat-go/dsig v1.0.0 h1:OE09s2r9Z81kxzJYRn07TFM9XA4akrUdoMwr0L8xj38=
github.com/lestrrat-go/dsig v1.0.0/go.mod h1:dEgoOYYEJvW6XGbLasr8TFcAxoWrKlbQvmJgCR0qkDo=
github.com/lestrrat-go/dsig-secp256k1 v1.0.0 h1:JpDe4Aybfl0soBvoVwjqDbp+9S1Y2OM7gcrVVMFPOzY=
github.com/lestrrat-go/dsig-secp256k1 v1.0.0/go.mod h1:CxUgAhssb8FToqbL8NjSPoGQlnO4w3LG1P0qPWQm/NU=
github.com/lestrrat-go/httpcc v1.0.1 h1:ydWCStUeJLkpYyjLDHihupbn2tYmZ7m22BGkcvZZrIE=
github.com/lestrrat-go/httpcc v1.0.1/go.mod h1:qiltp3Mt56+55GPVCbTdM9MlqhvzyuL6W/NMDA8vA5E=
github.com/lestrrat-go/httprc/v3 v3.0.2 h1:7u4HUaD0NQbf2/n5+fyp+T10hNCsAnwKfqn4A4Baif0=
github.com/lestrrat-go/httprc/v3 v3.0.2/go.mod h1:mSMtkZW92Z98M5YoNNztbRGxbXHql7tSitCvaxvo9l0=
github.com/lestrrat-go/jwx/v3 v3.0.13 h1:AdHKiPIYeCSnOJtvdpipPg/0SuFh9rdkN+HF3O0VdSk=
github.com/lestrrat-go/jwx/v3 v3.0.13/go.mod h1:2m0PV1A9tM4b/jVLMx8rh6rBl7F6WGb3EG2hufN9OQU=
github.com/lestrrat-go/option/v2 v2.0.0 h1:XxrcaJESE1fokHy3FpaQ/cXW8ZsIdWcdFzzLOcID3Ss=
github.com/lestrrat-go/option/v2 v2.0.0/go.mod h1:oSySsmzMoR0iRzCDCaUfsCzxQHUEuhOViQObyy7S6Vg=
github.com/lib/pq v1.10.0 h1:Zx5DJFEYQXio93kgXnQ09fXNiUKsqv4OUEu2UtGcB1E=
github.com/lib/pq v1.10.0/go.mod h1:AlVN5x4E4T544tWzH6hKfbfQvm3HdbOxrmggDNAPY9o=
github.com/matoous/go-nanoid/v2 v2.1.0 h1:P64+dmq21hhWdtvZfEAofnvJULaRR1Yib0+PnU669bE=
github.com/matoous/go-nanoid/v2 v2.1.0/go.mod h1:KlbGNQ+FhrUNIHUxZdL63t7tl4LaPkZNpUULS8H4uVM=
github.com/mattn/go-colorable v0.1.14 h1:9A9LHSqF/7dyVVX6g0U9cwm9pG3kP9gSzcuIPHPsaIE=
github.com/mattn/go-colorable v0.1.14/go.mod h1:6LmQG8QLFO4G5z1gPvYEzlUgJ2wF+stgPZH1UqBm1s8=
github.com/mattn/go-isatty v0.0.20 h1:xfD0iDuEKnDkl03q4limB+vH+GxLEtL/jb4xVJSWWEY=
github.com/mattn/go-isatty v0.0.20/go.mod h1:W+V8PltTTMOvKvAeJH7IuucS94S2C6jfK/D7dTCTo3Y=
github.com/pkg/errors v0.9.1 h1:FEBLx1zS214owpjy7qsBeixbURkuhQAwrK5UwLGTwt4=
github.com/pkg/errors v0.9.1/go.mod h1:bwawxfHBFNV+L2hUp1rHADufV3IMtnDRdf1r5NINEl0=
github.com/pmezard/go-difflib v1.0.0 h1:4DBwDE0NGyQoBHbLQYPwSUPoCMWR5BEzIk/f1lZbAQM=
github.com/pmezard/go-difflib v1.0.0/go.mod h1:iKH77koFhYxTK1pcRnkKkqfTogsbg7gZNVY4sRDYZ/4=
github.com/russross/blackfriday/v2 v2.1.0 h1:JIOH55/0cWyOuilr9/qlrm0BSXldqnqwMsf35Ld67mk=
github.com/russross/blackfriday/v2 v2.1.0/go.mod h1:+Rmxgy9KzJVeS9/2gXHxylqXiyQDYRxCVz55jmeOWTM=
github.com/segmentio/asm v1.2.1 h1:DTNbBqs57ioxAD4PrArqftgypG4/qNpXoJx8TVXxPR0=
github.com/segmentio/asm v1.2.1/go.mod h1:BqMnlJP91P8d+4ibuonYZw9mfnzI9HfxselHZr5aAcs=
github.com/sirupsen/logrus v1.9.3 h1:dueUQJ1C2q9oE3F7wvmSGAaVtTmUizReu6fjN8uqzbQ=
github.com/sirupsen/logrus v1.9.3/go.mod h1:naHLuLoDiP4jHNo9R0sCBMtWGeIprob74mVsIT4qYEQ=
github.com/stretchr/objx v0.1.0/go.mod h1:HFkY916IF+rwdDfMAkV7OtwuqBVzrE8GR6GFx+wExME=
github.com/stretchr/objx v0.5.0 h1:1zr/of2m5FGMsad5YfcqgdqdWrIhu+EBEJRhR1U7z/c=
github.com/stretchr/objx v0.5.0/go.mod h1:Yh+to48EsGEfYuaHDzXPcE3xhTkx73EhmCGUpEOglKo=
github.com/stretchr/testify v1.2.2/go.mod h1:a8OnRcib4nhh0OaRAV+Yts87kKdq0PP7pXfy6kDkUVs=
github.com/stretchr/testify v1.3.0/go.mod h1:M5WIy9Dh21IEIfnGCwXGc5bZfKNJtfHm1UVUgZn+9EI=
github.com/stretchr/testify v1.7.0/go.mod h1:6Fq8oRcR53rry900zMqJjRRixrwX3KX962/h/Wwjteg=
github.com/stretchr/testify v1.7.1/go.mod h1:6Fq8oRcR53rry900zMqJjRRixrwX3KX962/h/Wwjteg=
github.com/stretchr/testify v1.11.1 h1:7s2iGBzp5EwR7/aIZr8ao5+dra3wiQyKjjFuvgVKu7U=
github.com/stretchr/testify v1.11.1/go.mod h1:wZwfW3scLgRK+23gO65QZefKpKQRnfz6sD981Nm4B6U=
github.com/urfave/cli/v2 v2.27.7 h1:bH59vdhbjLv3LAvIu6gd0usJHgoTTPhCFib8qqOwXYU=
github.com/urfave/cli/v2 v2.27.7/go.mod h1:CyNAG/xg+iAOg0N4MPGZqVmv2rCoP267496AOXUZjA4=
github.com/valyala/fastjson v1.6.7 h1:ZE4tRy0CIkh+qDc5McjatheGX2czdn8slQjomexVpBM=
github.com/valyala/fastjson v1.6.7/go.mod h1:CLCAqky6SMuOcxStkYQvblddUtoRxhYMGLrsQns1aXY=
github.com/xrash/smetrics v0.0.0-20240521201337-686a1a2994c1 h1:gEOO8jv9F4OT7lGCjxCBTO/36wtF6j2nSip77qHd4x4=
github.com/xrash/smetrics v0.0.0-20240521201337-686a1a2994c1/go.mod h1:Ohn+xnUBiLI6FVj/9LpzZWtj1/D6lUovWYBkxHVV3aM=
golang.org/x/crypto v0.46.0 h1:cKRW/pmt1pKAfetfu+RCEvjvZkA9RimPbh7bhFjGVBU=
golang.org/x/crypto v0.46.0/go.mod h1:Evb/oLKmMraqjZ2iQTwDwvCtJkczlDuTmdJXoZVzqU0=
golang.org/x/sync v0.19.0 h1:vV+1eWNmZ5geRlYjzm2adRgW2/mcpevXNg50YZtPCE4=
golang.org/x/sync v0.19.0/go.mod h1:9KTHXmSnoGruLpwFjVSX0lNNA75CykiMECbovNTZqGI=
golang.org/x/sys v0.0.0-20220715151400-c0bba94af5f8/go.mod h1:oPkhp1MJrh7nUepCBck5+mAzfO9JrbApNNgaTdGDITg=
golang.org/x/sys v0.6.0/go.mod h1:oPkhp1MJrh7nUepCBck5+mAzfO9JrbApNNgaTdGDITg=
golang.org/x/sys v0.39.0 h1:CvCKL8MeisomCi6qNZ+wbb0DN9E5AATixKsvNtMoMFk=
golang.org/x/sys v0.39.0/go.mod h1:OgkHotnGiDImocRcuBABYBEXf8A9a87e/uXjp9XT3ks=
golang.org/x/text v0.32.0 h1:ZD01bjUt1FQ9WJ0ClOL5vxgxOI/sVCNgX1YtKwcY0mU=
golang.org/x/text v0.32.0/go.mod h1:o/rUWzghvpD5TXrTIBuJU77MTaN0ljMWE47kxGJQ7jY=
gopkg.in/check.v1 v0.0.0-20161208181325-20d25e280405/go.mod h1:Co6ibVJAznAaIkqp8huTwlJQCZ016jof/cbN4VW5Yz0=
gopkg.in/yaml.v3 v3.0.0-20200313102051-9f266ea9e77c/go.mod h1:K4uyk7z7BCEPqu6E+C64Yfv1cQ7kz7rIZviUmN+EgEM=
gopkg.in/yaml.v3 v3.0.1 h1:fxVm/GzAzEWqLHuvctI91KS9hhNmmWOoWu0XTYJS7CA=
gopkg.in/yaml.v3 v3.0.1/go.mod h1:K4uyk7z7BCEPqu6E+C64Yfv1cQ7kz7rIZviUmN+EgEM=
